
Microsoft Visual Studio Solution File, Format Version 12.00
# Visual Studio Version 17
VisualStudioVersion = 17.7.34031.279
MinimumVisualStudioVersion = 10.0.40219.1
Project("{FAE04EC0-301F-11D3-BF4B-00C04F79EFBC}") = "Entities", "Entities\Entities.csproj", "{5B033ABD-26E5-4211-AD9E-AF3A8A559CB0}"
EndProject
Project("{FAE04EC0-301F-11D3-BF4B-00C04F79EFBC}") = "FormUI", "FormUI\FormUI.csproj", "{D7788856-7FE8-4CFF-89D9-F8852D3F3F48}"
EndProject
Project("{FAE04EC0-301F-11D3-BF4B-00C04F79EFBC}") = "DataAccess", "DataAccess\DataAccess.csproj", "{7FC683E7-6748-458B-8C88-812F6B03AB64}"
EndProject
Project("{FAE04EC0-301F-11D3-BF4B-00C04F79EFBC}") = "Business", "Business\Business.csproj", "{5DC25C7B-5937-4E2B-98AC-C59F3BC22F24}"
EndProject
Global
	GlobalSection(SolutionConfigurationPlatforms) = preSolution
		Debug|Any CPU = Debug|Any CPU
		Release|Any CPU = Release|Any CPU
	EndGlobalSection
	GlobalSection(ProjectConfigurationPlatforms) = postSolution
		{5B033ABD-26E5-4211-AD9E-AF3A8A559CB0}.Debug|Any CPU.ActiveCfg = Debug|Any CPU
		{5B033ABD-26E5-4211-AD9E-AF3A8A559CB0}.Debug|Any CPU.Build.0 = Debug|Any CPU
		{5B033ABD-26E5-4211-AD9E-AF3A8A559CB0}.Release|Any CPU.ActiveCfg = Release|Any CPU
		{5B033ABD-26E5-4211-AD9E-AF3A8A559CB0}.Release|Any CPU.Build.0 = Release|Any CPU
		{D7788856-7FE8-4CFF-89D9-F8852D3F3F48}.Debug|Any CPU.ActiveCfg = Debug|Any CPU
		{D7788856-7FE8-4CFF-89D9-F8852D3F3F48}.Debug|Any CPU.Build.0 = Debug|Any CPU
		{D7788856-7FE8-4CFF-89D9-F8852D3F3F48}.Release|Any CPU.ActiveCfg = Release|Any CPU
		{D7788856-7FE8-4CFF-89D9-F8852D3F3F48}.Release|Any CPU.Build.0 = Release|Any CPU
		{7FC683E7-6748-458B-8C88-812F6B03AB64}.Debug|Any CPU.ActiveCfg = Debug|Any CPU
		{7FC683E7-6748-458B-8C88-812F6B03AB64}.Debug|Any CPU.Build.0 = Debug|Any CPU
		{7FC683E7-6748-458B-8C88-812F6B03AB64}.Release|Any CPU.ActiveCfg = Release|Any CPU
		{7FC683E7-6748-458B-8C88-812F6B03AB64}.Release|Any CPU.Build.0 = Release|Any CPU
		{5DC25C7B-5937-4E2B-98AC-C59F3BC22F24}.Debug|Any CPU.ActiveCfg = Debug|Any CPU
		{5DC25C7B-5937-4E2B-98AC-C59F3BC22F24}.Debug|Any CPU.Build.0 = Debug|Any CPU
		{5DC25C7B-5937-4E2B-98AC-C59F3BC22F24}.Release|Any CPU.ActiveCfg = Release|Any CPU
		{5DC25C7B-5937-4E2B-98AC-C59F3BC22F24}.Release|Any CPU.Build.0 = Release|Any CPU
	EndGlobalSection
	GlobalSection(SolutionProperties) = preSolution
		HideSolutionNode = FALSE
	EndGlobalSection
	GlobalSection(ExtensibilityGlobals) = postSolution
		SolutionGuid = {E2097E00-1799-4ADE-BEB4-9CB5E3300EA5}
	EndGlobalSection
EndGlobal
